
Microsoft Visual Studio Solution File, Format Version 12.00
# Visual Studio 14
VisualStudioVersion = 14.0.23107.0
MinimumVisualStudioVersion = 10.0.40219.1
Project("{E24C65DC-7377-472B-9ABA-BC803B73C61A}") = "TentCharleston", ".", "{84C61E24-BAF5-4FC9-A24F-AE95685CE642}"
	ProjectSection(WebsiteProperties) = preProject
		TargetFrameworkMoniker = ".NETFramework,Version%3Dv4.0"
		Debug.AspNetCompiler.VirtualPath = "/localhost_51926"
		Debug.AspNetCompiler.PhysicalPath = "..\TentCharleston\"
		Debug.AspNetCompiler.TargetPath = "PrecompiledWeb\localhost_51926\"
		Debug.AspNetCompiler.Updateable = "true"
		Debug.AspNetCompiler.ForceOverwrite = "true"
		Debug.AspNetCompiler.FixedNames = "false"
		Debug.AspNetCompiler.Debug = "True"
		Release.AspNetCompiler.VirtualPath = "/localhost_51926"
		Release.AspNetCompiler.PhysicalPath = "..\TentCharleston\"
		Release.AspNetCompiler.TargetPath = "PrecompiledWeb\localhost_51926\"
		Release.AspNetCompiler.Updateable = "true"
		Release.AspNetCompiler.ForceOverwrite = "true"
		Release.AspNetCompiler.FixedNames = "false"
		Release.AspNetCompiler.Debug = "False"
		VWDPort = "51926"
		SlnRelativePath = "..\TentCharleston\"
	EndProjectSection
EndProject
Global
	GlobalSection(SolutionConfigurationPlatforms) = preSolution
		Debug|Any CPU = Debug|Any CPU
	EndGlobalSection
	GlobalSection(ProjectConfigurationPlatforms) = postSolution
		{84C61E24-BAF5-4FC9-A24F-AE95685CE642}.Debug|Any CPU.ActiveCfg = Debug|Any CPU
		{84C61E24-BAF5-4FC9-A24F-AE95685CE642}.Debug|Any CPU.Build.0 = Debug|Any CPU
	EndGlobalSection
	GlobalSection(SolutionProperties) = preSolution
		HideSolutionNode = FALSE
	EndGlobalSection
EndGlobal
